// !$*UTF8*$!
{
	archiveVersion = 1;
	classes = {
	};
	objectVersion = 50;
	objects = {

/* Begin PBXBuildFile section */
		3C8D27CD2735282C00B4BE6E /* AppDelegate.swift in Sources */ = {isa = PBXBuildFile; fileRef = 3C8D27CC2735282C00B4BE6E /* AppDelegate.swift */; };
		3C8D27CF2735282C00B4BE6E /* SceneDelegate.swift in Sources */ = {isa = PBXBuildFile; fileRef = 3C8D27CE2735282C00B4BE6E /* SceneDelegate.swift */; };
		3C8D27D12735282C00B4BE6E /* ViewController.swift in Sources */ = {isa = PBXBuildFile; fileRef = 3C8D27D02735282C00B4BE6E /* ViewController.swift */; };
		3C8D27D42735282C00B4BE6E /* Main.storyboard in Resources */ = {isa = PBXBuildFile; fileRef = 3C8D27D22735282C00B4BE6E /* Main.storyboard */; };
		3C8D27D72735282C00B4BE6E /* CoreData_part1.xcdatamodeld in Sources */ = {isa = PBXBuildFile; fileRef = 3C8D27D52735282C00B4BE6E /* CoreData_part1.xcdatamodeld */; };
		3C8D27D92735282E00B4BE6E /* Assets.xcassets in Resources */ = {isa = PBXBuildFile; fileRef = 3C8D27D82735282E00B4BE6E /* Assets.xcassets */; };
		3C8D27DC2735282E00B4BE6E /* LaunchScreen.storyboard in Resources */ = {isa = PBXBuildFile; fileRef = 3C8D27DA2735282E00B4BE6E /* LaunchScreen.storyboard */; };
/* End PBXBuildFile section */

/* Begin PBXFileReference section */
		3C8D27C92735282C00B4BE6E /* CoreData_part1.app */ = {isa = PBXFileReference; explicitFileType = wrapper.application; includeInIndex = 0; path = CoreData_part1.app; sourceTree = BUILT_PRODUCTS_DIR; };
		3C8D27CC2735282C00B4BE6E /* AppDelegate.swift */ = {isa = PBXFileReference; lastKnownFileType = sourcecode.swift; path = AppDelegate.swift; sourceTree = "<group>"; };
		3C8D27CE2735282C00B4BE6E /* SceneDelegate.swift */ = {isa = PBXFileReference; lastKnownFileType = sourcecode.swift; path = SceneDelegate.swift; sourceTree = "<group>"; };
		3C8D27D02735282C00B4BE6E /* ViewController.swift */ = {isa = PBXFileReference; lastKnownFileType = sourcecode.swift; path = ViewController.swift; sourceTree = "<group>"; };
		3C8D27D32735282C00B4BE6E /* Base */ = {isa = PBXFileReference; lastKnownFileType = file.storyboard; name = Base; path = Base.lproj/Main.storyboard; sourceTree = "<group>"; };
		3C8D27D62735282C00B4BE6E /* CoreData_part1.xcdatamodel */ = {isa = PBXFileReference; lastKnownFileType = wrapper.xcdatamodel; path = CoreData_part1.xcdatamodel; sourceTree = "<group>"; };
		3C8D27D82735282E00B4BE6E /* Assets.xcassets */ = {isa = PBXFileReference; lastKnownFileType = folder.assetcatalog; path = Assets.xcassets; sourceTree = "<group>"; };
		3C8D27DB2735282E00B4BE6E /* Base */ = {isa = PBXFileReference; lastKnownFileType = file.storyboard; name = Base; path = Base.lproj/LaunchScreen.storyboard; sourceTree = "<group>"; };
		3C8D27DD2735282E00B4BE6E /* Info.plist */ = {isa = PBXFileReference; lastKnownFileType = text.plist.xml; path = Info.plist; sourceTree = "<group>"; };
/* End PBXFileReference section */

/* Begin PBXFrameworksBuildPhase section */
		3C8D27C62735282C00B4BE6E /* Frameworks */ = {
			isa = PBXFrameworksBuildPhase;
			buildActionMask = 2147483647;
			files = (
			);
			runOnlyForDeploymentPostprocessing = 0;
		};
/* End PBXFrameworksBuildPhase section */

/* Begin PBXGroup section */
		3C8D27C02735282C00B4BE6E = {
			isa = PBXGroup;
			children = (
				3C8D27CB2735282C00B4BE6E /* CoreData_part1 */,
				3C8D27CA2735282C00B4BE6E /* Products */,
			);
			sourceTree = "<group>";
		};
		3C8D27CA2735282C00B4BE6E /* Products */ = {
			isa = PBXGroup;
			children = (
				3C8D27C92735282C00B4BE6E /* CoreData_part1.app */,
			);
			name = Products;
			sourceTree = "<group>";
		};
		3C8D27CB2735282C00B4BE6E /* CoreData_part1 */ = {
			isa = PBXGroup;
			children = (
				3C8D27DD2735282E00B4BE6E /* Info.plist */,
				3C8D27E6273529F600B4BE6E /* Assets */,
				3C8D27E5273529D300B4BE6E /* CoreData */,
				3C8D27E4273529AA00B4BE6E /* Soryboards */,
				3C8D27E32735298E00B4BE6E /* AppDelegate */,
				3C8D27D02735282C00B4BE6E /* ViewController.swift */,
			);
			path = CoreData_part1;
			sourceTree = "<group>";
		};
		3C8D27E32735298E00B4BE6E /* AppDelegate */ = {
			isa = PBXGroup;
			children = (
				3C8D27CC2735282C00B4BE6E /* AppDelegate.swift */,
				3C8D27CE2735282C00B4BE6E /* SceneDelegate.swift */,
			);
			path = AppDelegate;
			sourceTree = "<group>";
		};
		3C8D27E4273529AA00B4BE6E /* Soryboards */ = {
			isa = PBXGroup;
			children = (
				3C8D27D22735282C00B4BE6E /* Main.storyboard */,
				3C8D27DA2735282E00B4BE6E /* LaunchScreen.storyboard */,
			);
			path = Soryboards;
			sourceTree = "<group>";
		};
		3C8D27E5273529D300B4BE6E /* CoreData */ = {
			isa = PBXGroup;
			children = (
				3C8D27D52735282C00B4BE6E /* CoreData_part1.xcdatamodeld */,
			);
			path = CoreData;
			sourceTree = "<group>";
		};
		3C8D27E6273529F600B4BE6E /* Assets */ = {
			isa = PBXGroup;
			children = (
				3C8D27D82735282E00B4BE6E /* Assets.xcassets */,
			);
			path = Assets;
			sourceTree = "<group>";
		};
/* End PBXGroup section */

/* Begin PBXNativeTarget section */
		3C8D27C82735282C00B4BE6E /* CoreData_part1 */ = {
			isa = PBXNativeTarget;
			buildConfigurationList = 3C8D27E02735282E00B4BE6E /* Build configuration list for PBXNativeTarget "CoreData_part1" */;
			buildPhases = (
				3C8D27C52735282C00B4BE6E /* Sources */,
				3C8D27C62735282C00B4BE6E /* Frameworks */,
				3C8D27C72735282C00B4BE6E /* Resources */,
			);
			buildRules = (
			);
			dependencies = (
			);
			name = CoreData_part1;
			productName = CoreData_part1;
			productReference = 3C8D27C92735282C00B4BE6E /* CoreData_part1.app */;
			productType = "com.apple.product-type.application";
		};
/* End PBXNativeTarget section */

/* Begin PBXProject section */
		3C8D27C12735282C00B4BE6E /* Project object */ = {
			isa = PBXProject;
			attributes = {
				LastSwiftUpdateCheck = 1250;
				LastUpgradeCheck = 1250;
				TargetAttributes = {
					3C8D27C82735282C00B4BE6E = {
						CreatedOnToolsVersion = 12.5;
					};
				};
			};
			buildConfigurationList = 3C8D27C42735282C00B4BE6E /* Build configuration list for PBXProject "CoreData_part1" */;
			compatibilityVersion = "Xcode 9.3";
			developmentRegion = en;
			hasScannedForEncodings = 0;
			knownRegions = (
				en,
				Base,
			);
			mainGroup = 3C8D27C02735282C00B4BE6E;
			productRefGroup = 3C8D27CA2735282C00B4BE6E /* Products */;
			projectDirPath = "";
			projectRoot = "";
			targets = (
				3C8D27C82735282C00B4BE6E /* CoreData_part1 */,
			);
		};
/* End PBXProject section */

/* Begin PBXResourcesBuildPhase section */
		3C8D27C72735282C00B4BE6E /* Resources */ = {
			isa = PBXResourcesBuildPhase;
			buildActionMask = 2147483647;
			files = (
				3C8D27DC2735282E00B4BE6E /* LaunchScreen.storyboard in Resources */,
				3C8D27D92735282E00B4BE6E /* Assets.xcassets in Resources */,
				3C8D27D42735282C00B4BE6E /* Main.storyboard in Resources */,
			);
			runOnlyForDeploymentPostprocessing = 0;
		};
/* End PBXResourcesBuildPhase section */

/* Begin PBXSourcesBuildPhase section */
		3C8D27C52735282C00B4BE6E /* Sources */ = {
			isa = PBXSourcesBuildPhase;
			buildActionMask = 2147483647;
			files = (
				3C8D27D12735282C00B4BE6E /* ViewController.swift in Sources */,
				3C8D27D72735282C00B4BE6E /* CoreData_part1.xcdatamodeld in Sources */,
				3C8D27CD2735282C00B4BE6E /* AppDelegate.swift in Sources */,
				3C8D27CF2735282C00B4BE6E /* SceneDelegate.swift in Sources */,
			);
			runOnlyForDeploymentPostprocessing = 0;
		};
/* End PBXSourcesBuildPhase section */

/* Begin PBXVariantGroup section */
		3C8D27D22735282C00B4BE6E /* Main.storyboard */ = {
			isa = PBXVariantGroup;
			children = (
				3C8D27D32735282C00B4BE6E /* Base */,
			);
			name = Main.storyboard;
			sourceTree = "<group>";
		};
		3C8D27DA2735282E00B4BE6E /* LaunchScreen.storyboard */ = {
			isa = PBXVariantGroup;
			children = (
				3C8D27DB2735282E00B4BE6E /* Base */,
			);
			name = LaunchScreen.storyboard;
			sourceTree = "<group>";
		};
/* End PBXVariantGroup section */

/* Begin XCBuildConfiguration section */
		3C8D27DE2735282E00B4BE6E /* Debug */ = {
			isa = XCBuildConfiguration;
			buildSettings = {
				ALWAYS_SEARCH_USER_PATHS = NO;
				CLANG_ANALYZER_NONNULL = YES;
				CLANG_ANALYZER_NUMBER_OBJECT_CONVERSION = YES_AGGRESSIVE;
				CLANG_CXX_LANGUAGE_STANDARD = "gnu++14";
				CLANG_CXX_LIBRARY = "libc++";
				CLANG_ENABLE_MODULES = YES;
				CLANG_ENABLE_OBJC_ARC = YES;
				CLANG_ENABLE_OBJC_WEAK = YES;
				CLANG_WARN_BLOCK_CAPTURE_AUTORELEASING = YES;
				CLANG_WARN_BOOL_CONVERSION = YES;
				CLANG_WARN_COMMA = YES;
				CLANG_WARN_CONSTANT_CONVERSION = YES;
				CLANG_WARN_DEPRECATED_OBJC_IMPLEMENTATIONS = YES;
				CLANG_WARN_DIRECT_OBJC_ISA_USAGE = YES_ERROR;
				CLANG_WARN_DOCUMENTATION_COMMENTS = YES;
				CLANG_WARN_EMPTY_BODY = YES;
				CLANG_WARN_ENUM_CONVERSION = YES;
				CLANG_WARN_INFINITE_RECURSION = YES;
				CLANG_WARN_INT_CONVERSION = YES;
				CLANG_WARN_NON_LITERAL_NULL_CONVERSION = YES;
				CLANG_WARN_OBJC_IMPLICIT_RETAIN_SELF = YES;
				CLANG_WARN_OBJC_LITERAL_CONVERSION = YES;
				CLANG_WARN_OBJC_ROOT_CLASS = YES_ERROR;
				CLANG_WARN_QUOTED_INCLUDE_IN_FRAMEWORK_HEADER = YES;
				CLANG_WARN_RANGE_LOOP_ANALYSIS = YES;
				CLANG_WARN_STRICT_PROTOTYPES = YES;
				CLANG_WARN_SUSPICIOUS_MOVE = YES;
				CLANG_WARN_UNGUARDED_AVAILABILITY = YES_AGGRESSIVE;
				CLANG_WARN_UNREACHABLE_CODE = YES;
				CLANG_WARN__DUPLICATE_METHOD_MATCH = YES;
				COPY_PHASE_STRIP = NO;
				DEBUG_INFORMATION_FORMAT = dwarf;
				ENABLE_STRICT_OBJC_MSGSEND = YES;
				ENABLE_TESTABILITY = YES;
				GCC_C_LANGUAGE_STANDARD = gnu11;
				GCC_DYNAMIC_NO_PIC = NO;
				GCC_NO_COMMON_BLOCKS = YES;
				GCC_OPTIMIZATION_LEVEL = 0;
				GCC_PREPROCESSOR_DEFINITIONS = (
					"DEBUG=1",
					"$(inherited)",
				);
				GCC_WARN_64_TO_32_BIT_CONVERSION = YES;
				GCC_WARN_ABOUT_RETURN_TYPE = YES_ERROR;
				GCC_WARN_UNDECLARED_SELECTOR = YES;
				GCC_WARN_UNINITIALIZED_AUTOS = YES_AGGRESSIVE;
				GCC_WARN_UNUSED_FUNCTION = YES;
				GCC_WARN_UNUSED_VARIABLE = YES;
				IPHONEOS_DEPLOYMENT_TARGET = 14.5;
				MTL_ENABLE_DEBUG_INFO = INCLUDE_SOURCE;
				MTL_FAST_MATH = YES;
				ONLY_ACTIVE_ARCH = YES;
				SDKROOT = iphoneos;
				SWIFT_ACTIVE_COMPILATION_CONDITIONS = DEBUG;
				SWIFT_OPTIMIZATION_LEVEL = "-Onone";
			};
			name = Debug;
		};
		3C8D27DF2735282E00B4BE6E /* Release */ = {
			isa = XCBuildConfiguration;
			buildSettings = {
				ALWAYS_SEARCH_USER_PATHS = NO;
				CLANG_ANALYZER_NONNULL = YES;
				CLANG_ANALYZER_NUMBER_OBJECT_CONVERSION = YES_AGGRESSIVE;
				CLANG_CXX_LANGUAGE_STANDARD = "gnu++14";
				CLANG_CXX_LIBRARY = "libc++";
				CLANG_ENABLE_MODULES = YES;
				CLANG_ENABLE_OBJC_ARC = YES;
				CLANG_ENABLE_OBJC_WEAK = YES;
				CLANG_WARN_BLOCK_CAPTURE_AUTORELEASING = YES;
				CLANG_WARN_BOOL_CONVERSION = YES;
				CLANG_WARN_COMMA = YES;
				CLANG_WARN_CONSTANT_CONVERSION = YES;
				CLANG_WARN_DEPRECATED_OBJC_IMPLEMENTATIONS = YES;
				CLANG_WARN_DIRECT_OBJC_ISA_USAGE = YES_ERROR;
				CLANG_WARN_DOCUMENTATION_COMMENTS = YES;
				CLANG_WARN_EMPTY_BODY = YES;
				CLANG_WARN_ENUM_CONVERSION = YES;
				CLANG_WARN_INFINITE_RECURSION = YES;
				CLANG_WARN_INT_CONVERSION = YES;
				CLANG_WARN_NON_LITERAL_NULL_CONVERSION = YES;
				CLANG_WARN_OBJC_IMPLICIT_RETAIN_SELF = YES;
				CLANG_WARN_OBJC_LITERAL_CONVERSION = YES;
				CLANG_WARN_OBJC_ROOT_CLASS = YES_ERROR;
				CLANG_WARN_QUOTED_INCLUDE_IN_FRAMEWORK_HEADER = YES;
				CLANG_WARN_RANGE_LOOP_ANALYSIS = YES;
				CLANG_WARN_STRICT_PROTOTYPES = YES;
				CLANG_WARN_SUSPICIOUS_MOVE = YES;
				CLANG_WARN_UNGUARDED_AVAILABILITY = YES_AGGRESSIVE;
				CLANG_WARN_UNREACHABLE_CODE = YES;
				CLANG_WARN__DUPLICATE_METHOD_MATCH = YES;
				COPY_PHASE_STRIP = NO;
				DEBUG_INFORMATION_FORMAT = "dwarf-with-dsym";
				ENABLE_NS_ASSERTIONS = NO;
				ENABLE_STRICT_OBJC_MSGSEND = YES;
				GCC_C_LANGUAGE_STANDARD = gnu11;
				GCC_NO_COMMON_BLOCKS = YES;
				GCC_WARN_64_TO_32_BIT_CONVERSION = YES;
				GCC_WARN_ABOUT_RETURN_TYPE = YES_ERROR;
				GCC_WARN_UNDECLARED_SELECTOR = YES;
				GCC_WARN_UNINITIALIZED_AUTOS = YES_AGGRESSIVE;
				GCC_WARN_UNUSED_FUNCTION = YES;
				GCC_WARN_UNUSED_VARIABLE = YES;
				IPHONEOS_DEPLOYMENT_TARGET = 14.5;
				MTL_ENABLE_DEBUG_INFO = NO;
				MTL_FAST_MATH = YES;
				SDKROOT = iphoneos;
				SWIFT_COMPILATION_MODE = wholemodule;
				SWIFT_OPTIMIZATION_LEVEL = "-O";
				VALIDATE_PRODUCT = YES;
			};
			name = Release;
		};
		3C8D27E12735282E00B4BE6E /* Debug */ = {
			isa = XCBuildConfiguration;
			buildSettings = {
				ASSETCATALOG_COMPILER_APPICON_NAME = AppIcon;
				ASSETCATALOG_COMPILER_GLOBAL_ACCENT_COLOR_NAME = AccentColor;
				CODE_SIGN_STYLE = Automatic;
				INFOPLIST_FILE = CoreData_part1/Info.plist;
				LD_RUNPATH_SEARCH_PATHS = (
					"$(inherited)",
					"@executable_path/Frameworks",
				);
				PRODUCT_BUNDLE_IDENTIFIER = "home.CoreData-part1";
				PRODUCT_NAME = "$(TARGET_NAME)";
				SWIFT_VERSION = 5.0;
				TARGETED_DEVICE_FAMILY = "1,2";
			};
			name = Debug;
		};
		3C8D27E22735282E00B4BE6E /* Release */ = {
			isa = XCBuildConfiguration;
			buildSettings = {
				ASSETCATALOG_COMPILER_APPICON_NAME = AppIcon;
				ASSETCATALOG_COMPILER_GLOBAL_ACCENT_COLOR_NAME = AccentColor;
				CODE_SIGN_STYLE = Automatic;
				INFOPLIST_FILE = CoreData_part1/Info.plist;
				LD_RUNPATH_SEARCH_PATHS = (
					"$(inherited)",
					"@executable_path/Frameworks",
				);
				PRODUCT_BUNDLE_IDENTIFIER = "home.CoreData-part1";
				PRODUCT_NAME = "$(TARGET_NAME)";
				SWIFT_VERSION = 5.0;
				TARGETED_DEVICE_FAMILY = "1,2";
			};
			name = Release;
		};
/* End XCBuildConfiguration section */

/* Begin XCConfigurationList section */
		3C8D27C42735282C00B4BE6E /* Build configuration list for PBXProject "CoreData_part1" */ = {
			isa = XCConfigurationList;
			buildConfigurations = (
				3C8D27DE2735282E00B4BE6E /* Debug */,
				3C8D27DF2735282E00B4BE6E /* Release */,
			);
			defaultConfigurationIsVisible = 0;
			defaultConfigurationName = Release;
		};
		3C8D27E02735282E00B4BE6E /* Build configuration list for PBXNativeTarget "CoreData_part1" */ = {
			isa = XCConfigurationList;
			buildConfigurations = (
				3C8D27E12735282E00B4BE6E /* Debug */,
				3C8D27E22735282E00B4BE6E /* Release */,
			);
			defaultConfigurationIsVisible = 0;
			defaultConfigurationName = Release;
		};
/* End XCConfigurationList section */

/* Begin XCVersionGroup section */
		3C8D27D52735282C00B4BE6E /* CoreData_part1.xcdatamodeld */ = {
			isa = XCVersionGroup;
			children = (
				3C8D27D62735282C00B4BE6E /* CoreData_part1.xcdatamodel */,
			);
			currentVersion = 3C8D27D62735282C00B4BE6E /* CoreData_part1.xcdatamodel */;
			path = CoreData_part1.xcdatamodeld;
			sourceTree = "<group>";
			versionGroupType = wrapper.xcdatamodel;
		};
/* End XCVersionGroup section */
	};
	rootObject = 3C8D27C12735282C00B4BE6E /* Project object */;
}
